
Microsoft Visual Studio Solution File, Format Version 12.00
# Visual Studio Version 17
VisualStudioVersion = 17.7.34031.279
MinimumVisualStudioVersion = 10.0.40219.1
Project("{9A19103F-16F7-4668-BE54-9A1E7A4F7556}") = "SuperHeroAPI", "SuperHeroAPI.csproj", "{160276EB-4478-4465-BA33-2E7A4BE15D51}"
EndProject
Global
	GlobalSection(SolutionConfigurationPlatforms) = preSolution
		Debug|Any CPU = Debug|Any CPU
		Release|Any CPU = Release|Any CPU
	EndGlobalSection
	GlobalSection(ProjectConfigurationPlatforms) = postSolution
		{160276EB-4478-4465-BA33-2E7A4BE15D51}.Debug|Any CPU.ActiveCfg = Debug|Any CPU
		{160276EB-4478-4465-BA33-2E7A4BE15D51}.Debug|Any CPU.Build.0 = Debug|Any CPU
		{160276EB-4478-4465-BA33-2E7A4BE15D51}.Release|Any CPU.ActiveCfg = Release|Any CPU
		{160276EB-4478-4465-BA33-2E7A4BE15D51}.Release|Any CPU.Build.0 = Release|Any CPU
	EndGlobalSection
	GlobalSection(SolutionProperties) = preSolution
		HideSolutionNode = FALSE
	EndGlobalSection
	GlobalSection(ExtensibilityGlobals) = postSolution
		SolutionGuid = {78C7877D-587E-42F9-8A9E-98E187B39CC9}
	EndGlobalSection
EndGlobal
